
Microsoft Visual Studio Solution File, Format Version 12.00
# Visual Studio Version 17
VisualStudioVersion = 17.10.35122.118
MinimumVisualStudioVersion = 10.0.40219.1
Project("{FAE04EC0-301F-11D3-BF4B-00C04F79EFBC}") = "master-pages-try2", "master-pages-try2\master-pages-try2.csproj", "{8BF8CE50-ACBB-4678-86D0-DC980AC7301D}"
EndProject
Global
	GlobalSection(SolutionConfigurationPlatforms) = preSolution
		Debug|Any CPU = Debug|Any CPU
		Release|Any CPU = Release|Any CPU
	EndGlobalSection
	GlobalSection(ProjectConfigurationPlatforms) = postSolution
		{8BF8CE50-ACBB-4678-86D0-DC980AC7301D}.Debug|Any CPU.ActiveCfg = Debug|Any CPU
		{8BF8CE50-ACBB-4678-86D0-DC980AC7301D}.Debug|Any CPU.Build.0 = Debug|Any CPU
		{8BF8CE50-ACBB-4678-86D0-DC980AC7301D}.Release|Any CPU.ActiveCfg = Release|Any CPU
		{8BF8CE50-ACBB-4678-86D0-DC980AC7301D}.Release|Any CPU.Build.0 = Release|Any CPU
	EndGlobalSection
	GlobalSection(SolutionProperties) = preSolution
		HideSolutionNode = FALSE
	EndGlobalSection
	GlobalSection(ExtensibilityGlobals) = postSolution
		SolutionGuid = {A0753547-9AD3-4FC1-A9F6-25B767C3CFBE}
	EndGlobalSection
EndGlobal
